
Microsoft Visual Studio Solution File, Format Version 12.00
# Visual Studio Version 17
VisualStudioVersion = 17.5.33516.290
MinimumVisualStudioVersion = 10.0.40219.1
Project("{FAE04EC0-301F-11D3-BF4B-00C04F79EFBC}") = "ConsoleApp1", "ConsoleApp1.csproj", "{5FD6B3B8-588D-4A2D-8018-E8C4D79EF9AD}"
EndProject
Global
	GlobalSection(SolutionConfigurationPlatforms) = preSolution
		Debug|Any CPU = Debug|Any CPU
		Release|Any CPU = Release|Any CPU
	EndGlobalSection
	GlobalSection(ProjectConfigurationPlatforms) = postSolution
		{5FD6B3B8-588D-4A2D-8018-E8C4D79EF9AD}.Debug|Any CPU.ActiveCfg = Debug|Any CPU
		{5FD6B3B8-588D-4A2D-8018-E8C4D79EF9AD}.Debug|Any CPU.Build.0 = Debug|Any CPU
		{5FD6B3B8-588D-4A2D-8018-E8C4D79EF9AD}.Release|Any CPU.ActiveCfg = Release|Any CPU
		{5FD6B3B8-588D-4A2D-8018-E8C4D79EF9AD}.Release|Any CPU.Build.0 = Release|Any CPU
	EndGlobalSection
	GlobalSection(SolutionProperties) = preSolution
		HideSolutionNode = FALSE
	EndGlobalSection
	GlobalSection(ExtensibilityGlobals) = postSolution
		SolutionGuid = {16ACA33B-DA11-4BB3-B460-E88D4DF63F13}
	EndGlobalSection
EndGlobal
